{
  "version": "5",
  "remote": {
    "https://deno.land/std@0.177.0/async/abortable.ts": "73acfb3ed7261ce0d930dbe89e43db8d34e017b063cf0eaa7d215477bf53442e",
    "https://deno.land/std@0.177.0/async/deadline.ts": "c5facb0b404eede83e38bd2717ea8ab34faa2ffb20ef87fd261fcba32ba307aa",
    "https://deno.land/std@0.177.0/async/debounce.ts": "adab11d04ca38d699444ac8a9d9856b4155e8dda2afd07ce78276c01ea5a4332",
    "https://deno.land/std@0.177.0/async/deferred.ts": "42790112f36a75a57db4a96d33974a936deb7b04d25c6084a9fa8a49f135def8",
    "https://deno.land/std@0.177.0/async/delay.ts": "73aa04cec034c84fc748c7be49bb15cac3dd43a57174bfdb7a4aec22c248f0dd",
    "https://deno.land/std@0.177.0/async/mod.ts": "f04344fa21738e5ad6bea37a6bfffd57c617c2d372bb9f9dcfd118a1b622e576",
    "https://deno.land/std@0.177.0/async/mux_async_iterator.ts": "70c7f2ee4e9466161350473ad61cac0b9f115cff4c552eaa7ef9d50c4cbb4cc9",
    "https://deno.land/std@0.177.0/async/pool.ts": "fd082bd4aaf26445909889435a5c74334c017847842ec035739b4ae637ae8260",
    "https://deno.land/std@0.177.0/async/retry.ts": "5efa3ba450ac0c07a40a82e2df296287b5013755d232049efd7ea2244f15b20f",
    "https://deno.land/std@0.177.0/async/tee.ts": "47e42d35f622650b02234d43803d0383a89eb4387e1b83b5a40106d18ae36757",
    "https://deno.land/std@0.177.0/http/server.ts": "cbb17b594651215ba95c01a395700684e569c165a567e4e04bba327f41197433",
    "https://deno.land/x/dotenv@v3.2.2/load.ts": "cbd76a0aee01aad8d09222afaa1dd04b84d9d3e44637503b01bf77a91df9e041",
    "https://deno.land/x/dotenv@v3.2.2/mod.ts": "077b48773de9205266a0b44c3c3a3c3083449ed64bb0b6cc461b95720678d38e",
    "https://deno.land/x/dotenv@v3.2.2/util.ts": "693730877b13f8ead2b79b2aa31e2a0652862f7dc0c5f6d2f313f4d39c7b7670",
    "https://esm.sh/@supabase/supabase-js@2.44.0": "f04b861b452edd799bba363ce003e608faddff07d756bd92adbbe890235abc71"
  },
  "workspace": {
    "packageJson": {
      "dependencies": [
        "npm:@babel/core@^7.25.2",
        "npm:@expo/vector-icons@^14.1.0",
        "npm:@react-navigation/bottom-tabs@^7.3.10",
        "npm:@react-navigation/elements@^2.3.8",
        "npm:@react-navigation/native-stack@^7.3.21",
        "npm:@react-navigation/native@^7.1.14",
        "npm:@supabase/supabase-js@^2.51.0",
        "npm:@types/react@~19.0.10",
        "npm:eslint-config-expo@9.2",
        "npm:eslint@^9.25.0",
        "npm:expo-audio@~0.4.8",
        "npm:expo-av@^15.1.7",
        "npm:expo-blur@~14.1.5",
        "npm:expo-constants@~17.1.7",
        "npm:expo-font@~13.3.2",
        "npm:expo-haptics@~14.1.4",
        "npm:expo-image-picker@~16.1.4",
        "npm:expo-image@~2.3.2",
        "npm:expo-linking@~7.1.7",
        "npm:expo-router@~5.1.3",
        "npm:expo-sensors@^14.1.4",
        "npm:expo-splash-screen@~0.30.10",
        "npm:expo-status-bar@~2.2.3",
        "npm:expo-symbols@~0.4.5",
        "npm:expo-system-ui@~5.0.10",
        "npm:expo-video@^2.2.2",
        "npm:expo-web-browser@14.2",
        "npm:expo@~53.0.17",
        "npm:react-dom@19.0.0",
        "npm:react-native-dotenv@^3.4.11",
        "npm:react-native-gesture-handler@2.24",
        "npm:react-native-reanimated@~3.17.4",
        "npm:react-native-safe-area-context@5.4.0",
        "npm:react-native-screens@~4.11.1",
        "npm:react-native-vector-icons@^10.2.0",
        "npm:react-native-web@0.20",
        "npm:react-native-webview@13.13.5",
        "npm:react-native@0.79.5",
        "npm:react@19.0.0",
        "npm:typescript@~5.8.3",
        "npm:zustand@^5.0.6"
      ]
    }
  }
}
